
Microsoft Visual Studio Solution File, Format Version 12.00
# Visual Studio Version 16
VisualStudioVersion = 16.0.30907.101
MinimumVisualStudioVersion = 10.0.40219.1
Project("{FAE04EC0-301F-11D3-BF4B-00C04F79EFBC}") = "BossTimers.Android", "TestAPp\TestAPp.Android\BossTimers.Android.csproj", "{83E277A5-341D-442F-9A51-21BE0160ED1D}"
EndProject
Project("{9A19103F-16F7-4668-BE54-9A1E7A4F7556}") = "BossTimers", "TestAPp\TestAPp\BossTimers.csproj", "{BDFE27C6-B0DE-42F6-A5CE-C879C9B68D58}"
EndProject
Project("{FAE04EC0-301F-11D3-BF4B-00C04F79EFBC}") = "UITestDB", "UITestDB\UITestDB.csproj", "{906FBA45-E3E9-47EB-A109-CB73A87C6390}"
EndProject
Global
	GlobalSection(SolutionConfigurationPlatforms) = preSolution
		Debug|Any CPU = Debug|Any CPU
		Debug|iPhone = Debug|iPhone
		Debug|iPhoneSimulator = Debug|iPhoneSimulator
		Release|Any CPU = Release|Any CPU
		Release|iPhone = Release|iPhone
		Release|iPhoneSimulator = Release|iPhoneSimulator
	EndGlobalSection
	GlobalSection(ProjectConfigurationPlatforms) = postSolution
		{83E277A5-341D-442F-9A51-21BE0160ED1D}.Debug|Any CPU.ActiveCfg = Debug|Any CPU
		{83E277A5-341D-442F-9A51-21BE0160ED1D}.Debug|Any CPU.Build.0 = Debug|Any CPU
		{83E277A5-341D-442F-9A51-21BE0160ED1D}.Debug|Any CPU.Deploy.0 = Debug|Any CPU
		{83E277A5-341D-442F-9A51-21BE0160ED1D}.Debug|iPhone.ActiveCfg = Debug|Any CPU
		{83E277A5-341D-442F-9A51-21BE0160ED1D}.Debug|iPhone.Build.0 = Debug|Any CPU
		{83E277A5-341D-442F-9A51-21BE0160ED1D}.Debug|iPhone.Deploy.0 = Debug|Any CPU
		{83E277A5-341D-442F-9A51-21BE0160ED1D}.Debug|iPhoneSimulator.ActiveCfg = Debug|Any CPU
		{83E277A5-341D-442F-9A51-21BE0160ED1D}.Debug|iPhoneSimulator.Build.0 = Debug|Any CPU
		{83E277A5-341D-442F-9A51-21BE0160ED1D}.Debug|iPhoneSimulator.Deploy.0 = Debug|Any CPU
		{83E277A5-341D-442F-9A51-21BE0160ED1D}.Release|Any CPU.ActiveCfg = Release|Any CPU
		{83E277A5-341D-442F-9A51-21BE0160ED1D}.Release|Any CPU.Build.0 = Release|Any CPU
		{83E277A5-341D-442F-9A51-21BE0160ED1D}.Release|Any CPU.Deploy.0 = Release|Any CPU
		{83E277A5-341D-442F-9A51-21BE0160ED1D}.Release|iPhone.ActiveCfg = Release|Any CPU
		{83E277A5-341D-442F-9A51-21BE0160ED1D}.Release|iPhone.Build.0 = Release|Any CPU
		{83E277A5-341D-442F-9A51-21BE0160ED1D}.Release|iPhone.Deploy.0 = Release|Any CPU
		{83E277A5-341D-442F-9A51-21BE0160ED1D}.Release|iPhoneSimulator.ActiveCfg = Release|Any CPU
		{83E277A5-341D-442F-9A51-21BE0160ED1D}.Release|iPhoneSimulator.Build.0 = Release|Any CPU
		{83E277A5-341D-442F-9A51-21BE0160ED1D}.Release|iPhoneSimulator.Deploy.0 = Release|Any CPU
		{BDFE27C6-B0DE-42F6-A5CE-C879C9B68D58}.Debug|Any CPU.ActiveCfg = Debug|Any CPU
		{BDFE27C6-B0DE-42F6-A5CE-C879C9B68D58}.Debug|Any CPU.Build.0 = Debug|Any CPU
		{BDFE27C6-B0DE-42F6-A5CE-C879C9B68D58}.Debug|Any CPU.Deploy.0 = Debug|Any CPU
		{BDFE27C6-B0DE-42F6-A5CE-C879C9B68D58}.Debug|iPhone.ActiveCfg = Debug|Any CPU
		{BDFE27C6-B0DE-42F6-A5CE-C879C9B68D58}.Debug|iPhone.Build.0 = Debug|Any CPU
		{BDFE27C6-B0DE-42F6-A5CE-C879C9B68D58}.Debug|iPhone.Deploy.0 = Debug|Any CPU
		{BDFE27C6-B0DE-42F6-A5CE-C879C9B68D58}.Debug|iPhoneSimulator.ActiveCfg = Debug|Any CPU
		{BDFE27C6-B0DE-42F6-A5CE-C879C9B68D58}.Debug|iPhoneSimulator.Build.0 = Debug|Any CPU
		{BDFE27C6-B0DE-42F6-A5CE-C879C9B68D58}.Debug|iPhoneSimulator.Deploy.0 = Debug|Any CPU
		{BDFE27C6-B0DE-42F6-A5CE-C879C9B68D58}.Release|Any CPU.ActiveCfg = Release|Any CPU
		{BDFE27C6-B0DE-42F6-A5CE-C879C9B68D58}.Release|Any CPU.Build.0 = Release|Any CPU
		{BDFE27C6-B0DE-42F6-A5CE-C879C9B68D58}.Release|Any CPU.Deploy.0 = Release|Any CPU
		{BDFE27C6-B0DE-42F6-A5CE-C879C9B68D58}.Release|iPhone.ActiveCfg = Release|Any CPU
		{BDFE27C6-B0DE-42F6-A5CE-C879C9B68D58}.Release|iPhone.Build.0 = Release|Any CPU
		{BDFE27C6-B0DE-42F6-A5CE-C879C9B68D58}.Release|iPhone.Deploy.0 = Release|Any CPU
		{BDFE27C6-B0DE-42F6-A5CE-C879C9B68D58}.Release|iPhoneSimulator.ActiveCfg = Release|Any CPU
		{BDFE27C6-B0DE-42F6-A5CE-C879C9B68D58}.Release|iPhoneSimulator.Build.0 = Release|Any CPU
		{BDFE27C6-B0DE-42F6-A5CE-C879C9B68D58}.Release|iPhoneSimulator.Deploy.0 = Release|Any CPU
		{906FBA45-E3E9-47EB-A109-CB73A87C6390}.Debug|Any CPU.ActiveCfg = Debug|Any CPU
		{906FBA45-E3E9-47EB-A109-CB73A87C6390}.Debug|Any CPU.Build.0 = Debug|Any CPU
		{906FBA45-E3E9-47EB-A109-CB73A87C6390}.Debug|iPhone.ActiveCfg = Debug|Any CPU
		{906FBA45-E3E9-47EB-A109-CB73A87C6390}.Debug|iPhone.Build.0 = Debug|Any CPU
		{906FBA45-E3E9-47EB-A109-CB73A87C6390}.Debug|iPhoneSimulator.ActiveCfg = Debug|Any CPU
		{906FBA45-E3E9-47EB-A109-CB73A87C6390}.Debug|iPhoneSimulator.Build.0 = Debug|Any CPU
		{906FBA45-E3E9-47EB-A109-CB73A87C6390}.Release|Any CPU.ActiveCfg = Release|Any CPU
		{906FBA45-E3E9-47EB-A109-CB73A87C6390}.Release|Any CPU.Build.0 = Release|Any CPU
		{906FBA45-E3E9-47EB-A109-CB73A87C6390}.Release|iPhone.ActiveCfg = Release|Any CPU
		{906FBA45-E3E9-47EB-A109-CB73A87C6390}.Release|iPhone.Build.0 = Release|Any CPU
		{906FBA45-E3E9-47EB-A109-CB73A87C6390}.Release|iPhoneSimulator.ActiveCfg = Release|Any CPU
		{906FBA45-E3E9-47EB-A109-CB73A87C6390}.Release|iPhoneSimulator.Build.0 = Release|Any CPU
	EndGlobalSection
	GlobalSection(SolutionProperties) = preSolution
		HideSolutionNode = FALSE
	EndGlobalSection
	GlobalSection(ExtensibilityGlobals) = postSolution
		SolutionGuid = {0BC04A8A-41A4-465E-A32C-BDA327C1F627}
	EndGlobalSection
EndGlobal
